
Microsoft Visual Studio Solution File, Format Version 12.00
# Visual Studio 15
VisualStudioVersion = 15.0.28010.2041
MinimumVisualStudioVersion = 10.0.40219.1
Project("{FAE04EC0-301F-11D3-BF4B-00C04F79EFBC}") = "Task1", "Task1\Task1.csproj", "{21F917D9-A6E8-4DD9-B081-0D62AE7F6C58}"
EndProject
Project("{FAE04EC0-301F-11D3-BF4B-00C04F79EFBC}") = "Task1Tests", "UnitTestProject1\Task1Tests.csproj", "{266AF3D1-E81E-46E2-A2B0-DEEB6276A7EC}"
EndProject
Global
	GlobalSection(SolutionConfigurationPlatforms) = preSolution
		Debug|Any CPU = Debug|Any CPU
		Release|Any CPU = Release|Any CPU
	EndGlobalSection
	GlobalSection(ProjectConfigurationPlatforms) = postSolution
		{21F917D9-A6E8-4DD9-B081-0D62AE7F6C58}.Debug|Any CPU.ActiveCfg = Debug|Any CPU
		{21F917D9-A6E8-4DD9-B081-0D62AE7F6C58}.Debug|Any CPU.Build.0 = Debug|Any CPU
		{21F917D9-A6E8-4DD9-B081-0D62AE7F6C58}.Release|Any CPU.ActiveCfg = Release|Any CPU
		{21F917D9-A6E8-4DD9-B081-0D62AE7F6C58}.Release|Any CPU.Build.0 = Release|Any CPU
		{266AF3D1-E81E-46E2-A2B0-DEEB6276A7EC}.Debug|Any CPU.ActiveCfg = Debug|Any CPU
		{266AF3D1-E81E-46E2-A2B0-DEEB6276A7EC}.Debug|Any CPU.Build.0 = Debug|Any CPU
		{266AF3D1-E81E-46E2-A2B0-DEEB6276A7EC}.Release|Any CPU.ActiveCfg = Release|Any CPU
		{266AF3D1-E81E-46E2-A2B0-DEEB6276A7EC}.Release|Any CPU.Build.0 = Release|Any CPU
	EndGlobalSection
	GlobalSection(SolutionProperties) = preSolution
		HideSolutionNode = FALSE
	EndGlobalSection
	GlobalSection(ExtensibilityGlobals) = postSolution
		SolutionGuid = {52847035-7F56-4689-AE30-D2DF6F5203E1}
	EndGlobalSection
EndGlobal
